Microsoft Visual Studio Solution File, Format Version 12.00
# Visual Studio Version 17
VisualStudioVersion = 17.0.32112.339
MinimumVisualStudioVersion = 10.0.40219.1
Project("{2150E333-8FDC-42A3-9474-1A3956D46DE8}") = "Solution Items", "Solution Items", "{680FAD59-1D2C-4583-9A3F-7C652EEF64B0}"
	ProjectSection(SolutionItems) = preProject
		.editorconfig = .editorconfig
		.gitignore = .gitignore
		.github\dependabot.yml = .github\dependabot.yml
		.github\workflows\build.yml = .github\workflows\build.yml
		GitVersion.yml = GitVersion.yml
		LICENSE = LICENSE
		README.md = README.md
	EndProjectSection
EndProject
Project("{9A19103F-16F7-4668-BE54-9A1E7A4F7556}") = "Eto.Microcharts", "Eto.Microcharts\Eto.Microcharts.csproj", "{727D2CE1-2C7B-4600-8879-4F39E2C435F7}"
EndProject
Project("{9A19103F-16F7-4668-BE54-9A1E7A4F7556}") = "Eto.Microcharts.Demo", "Eto.Microcharts.Demo\Eto.Microcharts.Demo.csproj", "{12F4B285-07FF-4A3E-9DDB-C115DCF6B243}"
EndProject
Global
	GlobalSection(SolutionConfigurationPlatforms) = preSolution
		Debug|Any CPU = Debug|Any CPU
		Release|Any CPU = Release|Any CPU
	EndGlobalSection
	GlobalSection(ProjectConfigurationPlatforms) = postSolution
		{727D2CE1-2C7B-4600-8879-4F39E2C435F7}.Debug|Any CPU.ActiveCfg = Debug|Any CPU
		{727D2CE1-2C7B-4600-8879-4F39E2C435F7}.Debug|Any CPU.Build.0 = Debug|Any CPU
		{727D2CE1-2C7B-4600-8879-4F39E2C435F7}.Release|Any CPU.ActiveCfg = Release|Any CPU
		{727D2CE1-2C7B-4600-8879-4F39E2C435F7}.Release|Any CPU.Build.0 = Release|Any CPU
		{12F4B285-07FF-4A3E-9DDB-C115DCF6B243}.Debug|Any CPU.ActiveCfg = Debug|Any CPU
		{12F4B285-07FF-4A3E-9DDB-C115DCF6B243}.Debug|Any CPU.Build.0 = Debug|Any CPU
		{12F4B285-07FF-4A3E-9DDB-C115DCF6B243}.Release|Any CPU.ActiveCfg = Release|Any CPU
		{12F4B285-07FF-4A3E-9DDB-C115DCF6B243}.Release|Any CPU.Build.0 = Release|Any CPU
	EndGlobalSection
	GlobalSection(SolutionProperties) = preSolution
		HideSolutionNode = FALSE
	EndGlobalSection
	GlobalSection(ExtensibilityGlobals) = postSolution
		SolutionGuid = {BCCD19D6-0567-4462-A494-5848BD95715F}
	EndGlobalSection
EndGlobal
